
Microsoft Visual Studio Solution File, Format Version 12.00
# Visual Studio Version 16
VisualStudioVersion = 16.0.31229.75
MinimumVisualStudioVersion = 10.0.40219.1
Project("{9A19103F-16F7-4668-BE54-9A1E7A4F7556}") = "Xxx.Markets.Interview.OrderBook", "OrderBook\Xxx.Markets.Interview.OrderBook.csproj", "{578585B6-F5B5-464D-891D-F1262CB14FEA}"
EndProject
Project("{9A19103F-16F7-4668-BE54-9A1E7A4F7556}") = "Xxx.Markets.Interview.OrderBook.Tests", "OrderBook.Tests\Xxx.Markets.Interview.OrderBook.Tests.csproj", "{3996857B-9EF9-442A-BDE6-CA9FA84F06B1}"
EndProject
Global
	GlobalSection(SolutionConfigurationPlatforms) = preSolution
		Debug|Any CPU = Debug|Any CPU
		Release|Any CPU = Release|Any CPU
	EndGlobalSection
	GlobalSection(ProjectConfigurationPlatforms) = postSolution
		{578585B6-F5B5-464D-891D-F1262CB14FEA}.Debug|Any CPU.ActiveCfg = Debug|Any CPU
		{578585B6-F5B5-464D-891D-F1262CB14FEA}.Debug|Any CPU.Build.0 = Debug|Any CPU
		{578585B6-F5B5-464D-891D-F1262CB14FEA}.Release|Any CPU.ActiveCfg = Release|Any CPU
		{578585B6-F5B5-464D-891D-F1262CB14FEA}.Release|Any CPU.Build.0 = Release|Any CPU
		{3996857B-9EF9-442A-BDE6-CA9FA84F06B1}.Debug|Any CPU.ActiveCfg = Debug|Any CPU
		{3996857B-9EF9-442A-BDE6-CA9FA84F06B1}.Debug|Any CPU.Build.0 = Debug|Any CPU
		{3996857B-9EF9-442A-BDE6-CA9FA84F06B1}.Release|Any CPU.ActiveCfg = Release|Any CPU
		{3996857B-9EF9-442A-BDE6-CA9FA84F06B1}.Release|Any CPU.Build.0 = Release|Any CPU
	EndGlobalSection
	GlobalSection(SolutionProperties) = preSolution
		HideSolutionNode = FALSE
	EndGlobalSection
	GlobalSection(ExtensibilityGlobals) = postSolution
		SolutionGuid = {D66F9E09-A4AA-4C5C-9463-37466198459C}
	EndGlobalSection
EndGlobal
