
Microsoft Visual Studio Solution File, Format Version 12.00
# Visual Studio Version 17
VisualStudioVersion = 17.0.32014.148
MinimumVisualStudioVersion = 10.0.40219.1
Project("{2150E333-8FDC-42A3-9474-1A3956D46DE8}") = "Solution Items", "Solution Items", "{EB907E5E-D0B7-4F56-A56E-BA94AE04D650}"
	ProjectSection(SolutionItems) = preProject
		.editorconfig = .editorconfig
	EndProjectSection
EndProject
Project("{9A19103F-16F7-4668-BE54-9A1E7A4F7556}") = "Xxx.Markets.Interview.OrderBook", "Xxx.Markets.Interview.OrderBook\Xxx.Markets.Interview.OrderBook.csproj", "{A9363A0E-AF2F-4005-B938-5617C6A3059D}"
EndProject
Project("{9A19103F-16F7-4668-BE54-9A1E7A4F7556}") = "Xxx.Markets.Interview.OrderBook.Tests", "Xxx.Markets.Interview.OrderBook.Tests\Xxx.Markets.Interview.OrderBook.Tests.csproj", "{E3FFE17B-48AB-415B-B035-BBECA6A477A2}"
EndProject
Global
	GlobalSection(SolutionConfigurationPlatforms) = preSolution
		Debug|Any CPU = Debug|Any CPU
		Release|Any CPU = Release|Any CPU
	EndGlobalSection
	GlobalSection(ProjectConfigurationPlatforms) = postSolution
		{A9363A0E-AF2F-4005-B938-5617C6A3059D}.Debug|Any CPU.ActiveCfg = Debug|Any CPU
		{A9363A0E-AF2F-4005-B938-5617C6A3059D}.Debug|Any CPU.Build.0 = Debug|Any CPU
		{A9363A0E-AF2F-4005-B938-5617C6A3059D}.Release|Any CPU.ActiveCfg = Release|Any CPU
		{A9363A0E-AF2F-4005-B938-5617C6A3059D}.Release|Any CPU.Build.0 = Release|Any CPU
		{E3FFE17B-48AB-415B-B035-BBECA6A477A2}.Debug|Any CPU.ActiveCfg = Debug|Any CPU
		{E3FFE17B-48AB-415B-B035-BBECA6A477A2}.Debug|Any CPU.Build.0 = Debug|Any CPU
		{E3FFE17B-48AB-415B-B035-BBECA6A477A2}.Release|Any CPU.ActiveCfg = Release|Any CPU
		{E3FFE17B-48AB-415B-B035-BBECA6A477A2}.Release|Any CPU.Build.0 = Release|Any CPU
	EndGlobalSection
	GlobalSection(SolutionProperties) = preSolution
		HideSolutionNode = FALSE
	EndGlobalSection
	GlobalSection(ExtensibilityGlobals) = postSolution
		SolutionGuid = {D66F9E09-A4AA-4C5C-9463-37466198459C}
	EndGlobalSection
EndGlobal
